<?xml version="1.0" encoding="utf-8"?>
<Project ToolsVersion="4.0" xmlns="http://schemas.microsoft.com/developer/msbuild/2003">
  <ItemGroup>
    <Filter Include="Source Files">
      <UniqueIdentifier>{4FC737F1-C7A5-4376-A066-2A32D752A2FF}</UniqueIdentifier>
      <Extensions>cpp;c;cc;cxx;c++;cppm;ixx;def;odl;idl;hpj;bat;asm;asmx</Extensions>
    </Filter>
    <Filter Include="Resource Files">
      <UniqueIdentifier>{67DA6AB6-F800-4c08-8B7A-83BB121AAD01}</UniqueIdentifier>
      <Extensions>rc;ico;cur;bmp;dlg;rc2;rct;bin;rgs;gif;jpg;jpeg;jpe;resx;tiff;tif;png;wav;mfcribbon-ms</Extensions>
    </Filter>
    <Filter Include="Source Files\Math">
      <UniqueIdentifier>{60e6a871-7035-46e0-9435-279ef8ad2472}</UniqueIdentifier>
    </Filter>
    <Filter Include="Source Files\Core">
      <UniqueIdentifier>{f782f65f-d6f3-41b5-be1b-489ca89b8207}</UniqueIdentifier>
    </Filter>
    <Filter Include="Source Files\Renderer">
      <UniqueIdentifier>{35817e6f-fa5e-4f58-96cd-9661c0cecdb7}</UniqueIdentifier>
    </Filter>
    <Filter Include="Source Files\Input">
      <UniqueIdentifier>{30ca2c2e-bc05-4255-8262-07e361b59dad}</UniqueIdentifier>
    </Filter>
    <Filter Include="FrameWork">
      <UniqueIdentifier>{15f16c24-d7d5-4ab0-a5d2-ece78e9816de}</UniqueIdentifier>
    </Filter>
    <Filter Include="Audio">
      <UniqueIdentifier>{3c99c701-7db8-4cd1-9bec-d5ebe23301ac}</UniqueIdentifier>
    </Filter>
  </ItemGroup>
  <ItemGroup>
    <ClCompile Include="Math\MathUtils.cpp">
      <Filter>Source Files\Math</Filter>
    </ClCompile>
    <ClCompile Include="Core\Memory.cpp">
      <Filter>Source Files\Core</Filter>
    </ClCompile>
    <ClCompile Include="Renderer\Renderer.cpp">
      <Filter>Source Files\Renderer</Filter>
    </ClCompile>
    <ClCompile Include="Input\InputSystem.cpp">
      <Filter>Source Files\Input</Filter>
    </ClCompile>
    <ClCompile Include="Core\File.cpp">
      <Filter>Source Files\Core</Filter>
    </ClCompile>
    <ClCompile Include="FrameWork\Actor.cpp">
      <Filter>FrameWork</Filter>
    </ClCompile>
    <ClCompile Include="Renderer\Model.cpp">
      <Filter>Source Files\Renderer</Filter>
    </ClCompile>
    <ClCompile Include="Framework\Scene.cpp">
      <Filter>FrameWork</Filter>
    </ClCompile>
    <ClCompile Include="Engine.cpp">
      <Filter>Source Files\Renderer</Filter>
    </ClCompile>
    <ClCompile Include="Core\Time.cpp">
      <Filter>Source Files\Core</Filter>
    </ClCompile>
    <ClCompile Include="Audio\AudioSystem.cpp">
      <Filter>Audio</Filter>
    </ClCompile>
    <ClCompile Include="Renderer\Font.cpp">
      <Filter>Source Files\Renderer</Filter>
    </ClCompile>
    <ClCompile Include="Renderer\Text.cpp">
      <Filter>Source Files\Renderer</Filter>
    </ClCompile>
    <ClCompile Include="FrameWork\SpaceShooter.cpp" />
  </ItemGroup>
  <ItemGroup>
    <ClInclude Include="Math\MathUtils.h">
      <Filter>Source Files\Math</Filter>
    </ClInclude>
    <ClInclude Include="Core\Memory.h">
      <Filter>Source Files\Core</Filter>
    </ClInclude>
    <ClInclude Include="Math\Random.h">
      <Filter>Source Files\Math</Filter>
    </ClInclude>
    <ClInclude Include="Math\Vector2.h">
      <Filter>Source Files\Math</Filter>
    </ClInclude>
    <ClInclude Include="Math\Color.h">
      <Filter>Source Files\Math</Filter>
    </ClInclude>
    <ClInclude Include="Input\InputSystem.h">
      <Filter>Source Files\Input</Filter>
    </ClInclude>
    <ClInclude Include="Core\File.h">
      <Filter>Source Files\Core</Filter>
    </ClInclude>
    <ClInclude Include="FrameWork\GameObject.h">
      <Filter>FrameWork</Filter>
    </ClInclude>
    <ClInclude Include="Math\Transform.h">
      <Filter>Source Files\Math</Filter>
    </ClInclude>
    <ClInclude Include="FrameWork\Actor.h">
      <Filter>FrameWork</Filter>
    </ClInclude>
    <ClInclude Include="Renderer\Model.h">
      <Filter>Source Files\Renderer</Filter>
    </ClInclude>
    <ClInclude Include="Engine.h" />
    <ClInclude Include="Framework\Scene.h">
      <Filter>FrameWork</Filter>
    </ClInclude>
    <ClInclude Include="Core\Time.h">
      <Filter>Source Files\Core</Filter>
    </ClInclude>
    <ClInclude Include="Renderer\Renderer.h">
      <Filter>Source Files\Renderer</Filter>
    </ClInclude>
    <ClInclude Include="Audio\AudioSystem.h">
      <Filter>Audio</Filter>
    </ClInclude>
    <ClInclude Include="Renderer\Font.h">
      <Filter>Source Files\Renderer</Filter>
    </ClInclude>
    <ClInclude Include="Renderer\Text.h">
      <Filter>Source Files\Renderer</Filter>
    </ClInclude>
    <ClInclude Include="FrameWork\Game.h">
      <Filter>FrameWork</Filter>
    </ClInclude>
    <ClInclude Include="FrameWork\SpaceShooter.h">
      <Filter>FrameWork</Filter>
    </ClInclude>
  </ItemGroup>
</Project>